
Microsoft Visual Studio Solution File, Format Version 12.00
# Visual Studio 15
VisualStudioVersion = 15.0.28010.2003
MinimumVisualStudioVersion = 10.0.40219.1
Project("{FAE04EC0-301F-11D3-BF4B-00C04F79EFBC}") = "EmployeeApplication", "EmployeeApplication\EmployeeApplication.csproj", "{7CCD545E-ACFB-4A64-8857-16F14A43AD52}"
EndProject
Global
	GlobalSection(SolutionConfigurationPlatforms) = preSolution
		Debug|Any CPU = Debug|Any CPU
		Release|Any CPU = Release|Any CPU
	EndGlobalSection
	GlobalSection(ProjectConfigurationPlatforms) = postSolution
		{7CCD545E-ACFB-4A64-8857-16F14A43AD52}.Debug|Any CPU.ActiveCfg = Debug|Any CPU
		{7CCD545E-ACFB-4A64-8857-16F14A43AD52}.Debug|Any CPU.Build.0 = Debug|Any CPU
		{7CCD545E-ACFB-4A64-8857-16F14A43AD52}.Release|Any CPU.ActiveCfg = Release|Any CPU
		{7CCD545E-ACFB-4A64-8857-16F14A43AD52}.Release|Any CPU.Build.0 = Release|Any CPU
	EndGlobalSection
	GlobalSection(SolutionProperties) = preSolution
		HideSolutionNode = FALSE
	EndGlobalSection
	GlobalSection(ExtensibilityGlobals) = postSolution
		SolutionGuid = {B6071EBD-D2EF-4765-ADDA-E3B1BBEEF044}
	EndGlobalSection
EndGlobal
